
Microsoft Visual Studio Solution File, Format Version 12.00
# Visual Studio 2012
Project("{FAE04EC0-301F-11D3-BF4B-00C04F79EFBC}") = "timetable", "timetable\timetable.csproj", "{02F440B2-D2CB-478E-A39C-3D4F458CEA99}"
EndProject
Global
	GlobalSection(SolutionConfigurationPlatforms) = preSolution
		Debug|Any CPU = Debug|Any CPU
		Release|Any CPU = Release|Any CPU
	EndGlobalSection
	GlobalSection(ProjectConfigurationPlatforms) = postSolution
		{02F440B2-D2CB-478E-A39C-3D4F458CEA99}.Debug|Any CPU.ActiveCfg = Debug|Any CPU
		{02F440B2-D2CB-478E-A39C-3D4F458CEA99}.Debug|Any CPU.Build.0 = Debug|Any CPU
		{02F440B2-D2CB-478E-A39C-3D4F458CEA99}.Release|Any CPU.ActiveCfg = Release|Any CPU
		{02F440B2-D2CB-478E-A39C-3D4F458CEA99}.Release|Any CPU.Build.0 = Release|Any CPU
	EndGlobalSection
	GlobalSection(SolutionProperties) = preSolution
		HideSolutionNode = FALSE
	EndGlobalSection
EndGlobal
